
Microsoft Visual Studio Solution File, Format Version 12.00
# Visual Studio Version 17
VisualStudioVersion = 17.11.35222.181
MinimumVisualStudioVersion = 10.0.40219.1
Project("{FAE04EC0-301F-11D3-BF4B-00C04F79EFBC}") = "ConsoleApp1", "ConsoleApp1.csproj", "{1559CF8A-EA5D-4795-8144-652C34222118}"
EndProject
Global
	GlobalSection(SolutionConfigurationPlatforms) = preSolution
		Debug|Any CPU = Debug|Any CPU
		Release|Any CPU = Release|Any CPU
	EndGlobalSection
	GlobalSection(ProjectConfigurationPlatforms) = postSolution
		{1559CF8A-EA5D-4795-8144-652C34222118}.Debug|Any CPU.ActiveCfg = Debug|Any CPU
		{1559CF8A-EA5D-4795-8144-652C34222118}.Debug|Any CPU.Build.0 = Debug|Any CPU
		{1559CF8A-EA5D-4795-8144-652C34222118}.Release|Any CPU.ActiveCfg = Release|Any CPU
		{1559CF8A-EA5D-4795-8144-652C34222118}.Release|Any CPU.Build.0 = Release|Any CPU
	EndGlobalSection
	GlobalSection(SolutionProperties) = preSolution
		HideSolutionNode = FALSE
	EndGlobalSection
	GlobalSection(ExtensibilityGlobals) = postSolution
		SolutionGuid = {1E631370-4710-45CF-8E89-32FC5B6C0FAC}
	EndGlobalSection
EndGlobal
